
Microsoft Visual Studio Solution File, Format Version 12.00
# Visual Studio Version 16
VisualStudioVersion = 16.0.30804.86
MinimumVisualStudioVersion = 10.0.40219.1
Project("{FAE04EC0-301F-11D3-BF4B-00C04F79EFBC}") = "logon_as_batch_job", "logon_as_batch_job.csproj", "{ED554DC4-504F-4A04-BDD5-032E1D785288}"
EndProject
Global
	GlobalSection(SolutionConfigurationPlatforms) = preSolution
		Debug|Any CPU = Debug|Any CPU
		Release|Any CPU = Release|Any CPU
	EndGlobalSection
	GlobalSection(ProjectConfigurationPlatforms) = postSolution
		{ED554DC4-504F-4A04-BDD5-032E1D785288}.Debug|Any CPU.ActiveCfg = Debug|Any CPU
		{ED554DC4-504F-4A04-BDD5-032E1D785288}.Debug|Any CPU.Build.0 = Debug|Any CPU
		{ED554DC4-504F-4A04-BDD5-032E1D785288}.Release|Any CPU.ActiveCfg = Release|Any CPU
		{ED554DC4-504F-4A04-BDD5-032E1D785288}.Release|Any CPU.Build.0 = Release|Any CPU
	EndGlobalSection
	GlobalSection(SolutionProperties) = preSolution
		HideSolutionNode = FALSE
	EndGlobalSection
	GlobalSection(ExtensibilityGlobals) = postSolution
		SolutionGuid = {4B438ED0-0CE9-4FD6-81C0-02AC9CBA9241}
	EndGlobalSection
EndGlobal
